// !$*UTF8*$!
{
	archiveVersion = 1;
	classes = {
	};
	objectVersion = 55;
	objects = {

/* Begin PBXBuildFile section */
		020841877A0FB724A441319C /* Pods_PokedexAppTests.framework in Frameworks */ = {isa = PBXBuildFile; fileRef = BE189D32AA895BE6732F6103 /* Pods_PokedexAppTests.framework */; };
		39986CD068D7888E84089C3E /* Pods_PokedexApp.framework in Frameworks */ = {isa = PBXBuildFile; fileRef = D1A805B88D509C42FFF9CCEA /* Pods_PokedexApp.framework */; };
		C98FE74A5F5981E2019EB1C9 /* Pods_PokedexApp_PokedexAppUITests.framework in Frameworks */ = {isa = PBXBuildFile; fileRef = 156ABBDE0E2C73B26E056AB7 /* Pods_PokedexApp_PokedexAppUITests.framework */; };
		F081C8CB273223810002D5AD /* AppDelegate.swift in Sources */ = {isa = PBXBuildFile; fileRef = F081C8CA273223810002D5AD /* AppDelegate.swift */; };
		F081C8CD273223810002D5AD /* SceneDelegate.swift in Sources */ = {isa = PBXBuildFile; fileRef = F081C8CC273223810002D5AD /* SceneDelegate.swift */; };
		F081C8CF273223810002D5AD /* ViewController.swift in Sources */ = {isa = PBXBuildFile; fileRef = F081C8CE273223810002D5AD /* ViewController.swift */; };
		F081C8D2273223810002D5AD /* Main.storyboard in Resources */ = {isa = PBXBuildFile; fileRef = F081C8D0273223810002D5AD /* Main.storyboard */; };
		F081C8D4273223830002D5AD /* Assets.xcassets in Resources */ = {isa = PBXBuildFile; fileRef = F081C8D3273223830002D5AD /* Assets.xcassets */; };
		F081C8D7273223830002D5AD /* LaunchScreen.storyboard in Resources */ = {isa = PBXBuildFile; fileRef = F081C8D5273223830002D5AD /* LaunchScreen.storyboard */; };
		F081C8E2273223830002D5AD /* PokedexAppTests.swift in Sources */ = {isa = PBXBuildFile; fileRef = F081C8E1273223830002D5AD /* PokedexAppTests.swift */; };
		F081C8EC273223830002D5AD /* PokedexAppUITests.swift in Sources */ = {isa = PBXBuildFile; fileRef = F081C8EB273223830002D5AD /* PokedexAppUITests.swift */; };
		F081C8EE273223830002D5AD /* PokedexAppUITestsLaunchTests.swift in Sources */ = {isa = PBXBuildFile; fileRef = F081C8ED273223830002D5AD /* PokedexAppUITestsLaunchTests.swift */; };
/* End PBXBuildFile section */

/* Begin PBXContainerItemProxy section */
		F081C8DE273223830002D5AD /* PBXContainerItemProxy */ = {
			isa = PBXContainerItemProxy;
			containerPortal = F081C8BF273223810002D5AD /* Project object */;
			proxyType = 1;
			remoteGlobalIDString = F081C8C6273223810002D5AD;
			remoteInfo = PokedexApp;
		};
		F081C8E8273223830002D5AD /* PBXContainerItemProxy */ = {
			isa = PBXContainerItemProxy;
			containerPortal = F081C8BF273223810002D5AD /* Project object */;
			proxyType = 1;
			remoteGlobalIDString = F081C8C6273223810002D5AD;
			remoteInfo = PokedexApp;
		};
/* End PBXContainerItemProxy section */

/* Begin PBXFileReference section */
		083626D1A9BD3E6483718C2E /* Pods-PokedexAppTests.release.xcconfig */ = {isa = PBXFileReference; includeInIndex = 1; lastKnownFileType = text.xcconfig; name = "Pods-PokedexAppTests.release.xcconfig"; path = "Target Support Files/Pods-PokedexAppTests/Pods-PokedexAppTests.release.xcconfig"; sourceTree = "<group>"; };
		156ABBDE0E2C73B26E056AB7 /* Pods_PokedexApp_PokedexAppUITests.framework */ = {isa = PBXFileReference; explicitFileType = wrapper.framework; includeInIndex = 0; path = Pods_PokedexApp_PokedexAppUITests.framework; sourceTree = BUILT_PRODUCTS_DIR; };
		44AF2CC62D2EAE4CAA65E4CF /* Pods-PokedexAppTests.debug.xcconfig */ = {isa = PBXFileReference; includeInIndex = 1; lastKnownFileType = text.xcconfig; name = "Pods-PokedexAppTests.debug.xcconfig"; path = "Target Support Files/Pods-PokedexAppTests/Pods-PokedexAppTests.debug.xcconfig"; sourceTree = "<group>"; };
		59137F19D9F65A6791B861EA /* Pods-PokedexApp-PokedexAppUITests.debug.xcconfig */ = {isa = PBXFileReference; includeInIndex = 1; lastKnownFileType = text.xcconfig; name = "Pods-PokedexApp-PokedexAppUITests.debug.xcconfig"; path = "Target Support Files/Pods-PokedexApp-PokedexAppUITests/Pods-PokedexApp-PokedexAppUITests.debug.xcconfig"; sourceTree = "<group>"; };
		909ECDD560FD2FB643C63FD8 /* Pods-PokedexApp-PokedexAppUITests.release.xcconfig */ = {isa = PBXFileReference; includeInIndex = 1; lastKnownFileType = text.xcconfig; name = "Pods-PokedexApp-PokedexAppUITests.release.xcconfig"; path = "Target Support Files/Pods-PokedexApp-PokedexAppUITests/Pods-PokedexApp-PokedexAppUITests.release.xcconfig"; sourceTree = "<group>"; };
		B35957E6454231FE41969176 /* Pods-PokedexApp.debug.xcconfig */ = {isa = PBXFileReference; includeInIndex = 1; lastKnownFileType = text.xcconfig; name = "Pods-PokedexApp.debug.xcconfig"; path = "Target Support Files/Pods-PokedexApp/Pods-PokedexApp.debug.xcconfig"; sourceTree = "<group>"; };
		BE189D32AA895BE6732F6103 /* Pods_PokedexAppTests.framework */ = {isa = PBXFileReference; explicitFileType = wrapper.framework; includeInIndex = 0; path = Pods_PokedexAppTests.framework; sourceTree = BUILT_PRODUCTS_DIR; };
		BEB3A40E4651F6FF8E15751A /* Pods-PokedexApp.release.xcconfig */ = {isa = PBXFileReference; includeInIndex = 1; lastKnownFileType = text.xcconfig; name = "Pods-PokedexApp.release.xcconfig"; path = "Target Support Files/Pods-PokedexApp/Pods-PokedexApp.release.xcconfig"; sourceTree = "<group>"; };
		D1A805B88D509C42FFF9CCEA /* Pods_PokedexApp.framework */ = {isa = PBXFileReference; explicitFileType = wrapper.framework; includeInIndex = 0; path = Pods_PokedexApp.framework; sourceTree = BUILT_PRODUCTS_DIR; };
		F081C8C7273223810002D5AD /* PokedexApp.app */ = {isa = PBXFileReference; explicitFileType = wrapper.application; includeInIndex = 0; path = PokedexApp.app; sourceTree = BUILT_PRODUCTS_DIR; };
		F081C8CA273223810002D5AD /* AppDelegate.swift */ = {isa = PBXFileReference; lastKnownFileType = sourcecode.swift; path = AppDelegate.swift; sourceTree = "<group>"; };
		F081C8CC273223810002D5AD /* SceneDelegate.swift */ = {isa = PBXFileReference; lastKnownFileType = sourcecode.swift; path = SceneDelegate.swift; sourceTree = "<group>"; };
		F081C8CE273223810002D5AD /* ViewController.swift */ = {isa = PBXFileReference; lastKnownFileType = sourcecode.swift; path = ViewController.swift; sourceTree = "<group>"; };
		F081C8D1273223810002D5AD /* Base */ = {isa = PBXFileReference; lastKnownFileType = file.storyboard; name = Base; path = Base.lproj/Main.storyboard; sourceTree = "<group>"; };
		F081C8D3273223830002D5AD /* Assets.xcassets */ = {isa = PBXFileReference; lastKnownFileType = folder.assetcatalog; path = Assets.xcassets; sourceTree = "<group>"; };
		F081C8D6273223830002D5AD /* Base */ = {isa = PBXFileReference; lastKnownFileType = file.storyboard; name = Base; path = Base.lproj/LaunchScreen.storyboard; sourceTree = "<group>"; };
		F081C8D8273223830002D5AD /* Info.plist */ = {isa = PBXFileReference; lastKnownFileType = text.plist.xml; path = Info.plist; sourceTree = "<group>"; };
		F081C8DD273223830002D5AD /* PokedexAppTests.xctest */ = {isa = PBXFileReference; explicitFileType = wrapper.cfbundle; includeInIndex = 0; path = PokedexAppTests.xctest; sourceTree = BUILT_PRODUCTS_DIR; };
		F081C8E1273223830002D5AD /* PokedexAppTests.swift */ = {isa = PBXFileReference; lastKnownFileType = sourcecode.swift; path = PokedexAppTests.swift; sourceTree = "<group>"; };
		F081C8E7273223830002D5AD /* PokedexAppUITests.xctest */ = {isa = PBXFileReference; explicitFileType = wrapper.cfbundle; includeInIndex = 0; path = PokedexAppUITests.xctest; sourceTree = BUILT_PRODUCTS_DIR; };
		F081C8EB273223830002D5AD /* PokedexAppUITests.swift */ = {isa = PBXFileReference; lastKnownFileType = sourcecode.swift; path = PokedexAppUITests.swift; sourceTree = "<group>"; };
		F081C8ED273223830002D5AD /* PokedexAppUITestsLaunchTests.swift */ = {isa = PBXFileReference; lastKnownFileType = sourcecode.swift; path = PokedexAppUITestsLaunchTests.swift; sourceTree = "<group>"; };
/* End PBXFileReference section */

/* Begin PBXFrameworksBuildPhase section */
		F081C8C4273223810002D5AD /* Frameworks */ = {
			isa = PBXFrameworksBuildPhase;
			buildActionMask = 2147483647;
			files = (
				39986CD068D7888E84089C3E /* Pods_PokedexApp.framework in Frameworks */,
			);
			runOnlyForDeploymentPostprocessing = 0;
		};
		F081C8DA273223830002D5AD /* Frameworks */ = {
			isa = PBXFrameworksBuildPhase;
			buildActionMask = 2147483647;
			files = (
				020841877A0FB724A441319C /* Pods_PokedexAppTests.framework in Frameworks */,
			);
			runOnlyForDeploymentPostprocessing = 0;
		};
		F081C8E4273223830002D5AD /* Frameworks */ = {
			isa = PBXFrameworksBuildPhase;
			buildActionMask = 2147483647;
			files = (
				C98FE74A5F5981E2019EB1C9 /* Pods_PokedexApp_PokedexAppUITests.framework in Frameworks */,
			);
			runOnlyForDeploymentPostprocessing = 0;
		};
/* End PBXFrameworksBuildPhase section */

/* Begin PBXGroup section */
		1035E0D18C5A78F86D735008 /* Pods */ = {
			isa = PBXGroup;
			children = (
				B35957E6454231FE41969176 /* Pods-PokedexApp.debug.xcconfig */,
				BEB3A40E4651F6FF8E15751A /* Pods-PokedexApp.release.xcconfig */,
				59137F19D9F65A6791B861EA /* Pods-PokedexApp-PokedexAppUITests.debug.xcconfig */,
				909ECDD560FD2FB643C63FD8 /* Pods-PokedexApp-PokedexAppUITests.release.xcconfig */,
				44AF2CC62D2EAE4CAA65E4CF /* Pods-PokedexAppTests.debug.xcconfig */,
				083626D1A9BD3E6483718C2E /* Pods-PokedexAppTests.release.xcconfig */,
			);
			name = Pods;
			path = Pods;
			sourceTree = "<group>";
		};
		E593CE1221D57465275AB407 /* Frameworks */ = {
			isa = PBXGroup;
			children = (
				D1A805B88D509C42FFF9CCEA /* Pods_PokedexApp.framework */,
				156ABBDE0E2C73B26E056AB7 /* Pods_PokedexApp_PokedexAppUITests.framework */,
				BE189D32AA895BE6732F6103 /* Pods_PokedexAppTests.framework */,
			);
			name = Frameworks;
			sourceTree = "<group>";
		};
		F081C8BE273223810002D5AD = {
			isa = PBXGroup;
			children = (
				F081C8C9273223810002D5AD /* PokedexApp */,
				F081C8E0273223830002D5AD /* PokedexAppTests */,
				F081C8EA273223830002D5AD /* PokedexAppUITests */,
				F081C8C8273223810002D5AD /* Products */,
				1035E0D18C5A78F86D735008 /* Pods */,
				E593CE1221D57465275AB407 /* Frameworks */,
			);
			sourceTree = "<group>";
		};
		F081C8C8273223810002D5AD /* Products */ = {
			isa = PBXGroup;
			children = (
				F081C8C7273223810002D5AD /* PokedexApp.app */,
				F081C8DD273223830002D5AD /* PokedexAppTests.xctest */,
				F081C8E7273223830002D5AD /* PokedexAppUITests.xctest */,
			);
			name = Products;
			sourceTree = "<group>";
		};
		F081C8C9273223810002D5AD /* PokedexApp */ = {
			isa = PBXGroup;
			children = (
				F081C8CA273223810002D5AD /* AppDelegate.swift */,
				F081C8CC273223810002D5AD /* SceneDelegate.swift */,
				F081C8CE273223810002D5AD /* ViewController.swift */,
				F081C8D0273223810002D5AD /* Main.storyboard */,
				F081C8D3273223830002D5AD /* Assets.xcassets */,
				F081C8D5273223830002D5AD /* LaunchScreen.storyboard */,
				F081C8D8273223830002D5AD /* Info.plist */,
			);
			path = PokedexApp;
			sourceTree = "<group>";
		};
		F081C8E0273223830002D5AD /* PokedexAppTests */ = {
			isa = PBXGroup;
			children = (
				F081C8E1273223830002D5AD /* PokedexAppTests.swift */,
			);
			path = PokedexAppTests;
			sourceTree = "<group>";
		};
		F081C8EA273223830002D5AD /* PokedexAppUITests */ = {
			isa = PBXGroup;
			children = (
				F081C8EB273223830002D5AD /* PokedexAppUITests.swift */,
				F081C8ED273223830002D5AD /* PokedexAppUITestsLaunchTests.swift */,
			);
			path = PokedexAppUITests;
			sourceTree = "<group>";
		};
/* End PBXGroup section */

/* Begin PBXNativeTarget section */
		F081C8C6273223810002D5AD /* PokedexApp */ = {
			isa = PBXNativeTarget;
			buildConfigurationList = F081C8F1273223830002D5AD /* Build configuration list for PBXNativeTarget "PokedexApp" */;
			buildPhases = (
				A4FCAEACF838DFA9C06F150E /* [CP] Check Pods Manifest.lock */,
				F081C8C3273223810002D5AD /* Sources */,
				F081C8C4273223810002D5AD /* Frameworks */,
				F081C8C5273223810002D5AD /* Resources */,
			);
			buildRules = (
			);
			dependencies = (
			);
			name = PokedexApp;
			productName = PokedexApp;
			productReference = F081C8C7273223810002D5AD /* PokedexApp.app */;
			productType = "com.apple.product-type.application";
		};
		F081C8DC273223830002D5AD /* PokedexAppTests */ = {
			isa = PBXNativeTarget;
			buildConfigurationList = F081C8F4273223830002D5AD /* Build configuration list for PBXNativeTarget "PokedexAppTests" */;
			buildPhases = (
				7F770F4B48544A2C6BC25590 /* [CP] Check Pods Manifest.lock */,
				F081C8D9273223830002D5AD /* Sources */,
				F081C8DA273223830002D5AD /* Frameworks */,
				F081C8DB273223830002D5AD /* Resources */,
			);
			buildRules = (
			);
			dependencies = (
				F081C8DF273223830002D5AD /* PBXTargetDependency */,
			);
			name = PokedexAppTests;
			productName = PokedexAppTests;
			productReference = F081C8DD273223830002D5AD /* PokedexAppTests.xctest */;
			productType = "com.apple.product-type.bundle.unit-test";
		};
		F081C8E6273223830002D5AD /* PokedexAppUITests */ = {
			isa = PBXNativeTarget;
			buildConfigurationList = F081C8F7273223830002D5AD /* Build configuration list for PBXNativeTarget "PokedexAppUITests" */;
			buildPhases = (
				DC0AA8CAC15FBC45B9C1DA89 /* [CP] Check Pods Manifest.lock */,
				F081C8E3273223830002D5AD /* Sources */,
				F081C8E4273223830002D5AD /* Frameworks */,
				F081C8E5273223830002D5AD /* Resources */,
			);
			buildRules = (
			);
			dependencies = (
				F081C8E9273223830002D5AD /* PBXTargetDependency */,
			);
			name = PokedexAppUITests;
			productName = PokedexAppUITests;
			productReference = F081C8E7273223830002D5AD /* PokedexAppUITests.xctest */;
			productType = "com.apple.product-type.bundle.ui-testing";
		};
/* End PBXNativeTarget section */

/* Begin PBXProject section */
		F081C8BF273223810002D5AD /* Project object */ = {
			isa = PBXProject;
			attributes = {
				BuildIndependentTargetsInParallel = 1;
				LastSwiftUpdateCheck = 1310;
				LastUpgradeCheck = 1310;
				TargetAttributes = {
					F081C8C6273223810002D5AD = {
						CreatedOnToolsVersion = 13.1;
					};
					F081C8DC273223830002D5AD = {
						CreatedOnToolsVersion = 13.1;
						TestTargetID = F081C8C6273223810002D5AD;
					};
					F081C8E6273223830002D5AD = {
						CreatedOnToolsVersion = 13.1;
						TestTargetID = F081C8C6273223810002D5AD;
					};
				};
			};
			buildConfigurationList = F081C8C2273223810002D5AD /* Build configuration list for PBXProject "PokedexApp" */;
			compatibilityVersion = "Xcode 13.0";
			developmentRegion = en;
			hasScannedForEncodings = 0;
			knownRegions = (
				en,
				Base,
			);
			mainGroup = F081C8BE273223810002D5AD;
			productRefGroup = F081C8C8273223810002D5AD /* Products */;
			projectDirPath = "";
			projectRoot = "";
			targets = (
				F081C8C6273223810002D5AD /* PokedexApp */,
				F081C8DC273223830002D5AD /* PokedexAppTests */,
				F081C8E6273223830002D5AD /* PokedexAppUITests */,
			);
		};
/* End PBXProject section */

/* Begin PBXResourcesBuildPhase section */
		F081C8C5273223810002D5AD /* Resources */ = {
			isa = PBXResourcesBuildPhase;
			buildActionMask = 2147483647;
			files = (
				F081C8D7273223830002D5AD /* LaunchScreen.storyboard in Resources */,
				F081C8D4273223830002D5AD /* Assets.xcassets in Resources */,
				F081C8D2273223810002D5AD /* Main.storyboard in Resources */,
			);
			runOnlyForDeploymentPostprocessing = 0;
		};
		F081C8DB273223830002D5AD /* Resources */ = {
			isa = PBXResourcesBuildPhase;
			buildActionMask = 2147483647;
			files = (
			);
			runOnlyForDeploymentPostprocessing = 0;
		};
		F081C8E5273223830002D5AD /* Resources */ = {
			isa = PBXResourcesBuildPhase;
			buildActionMask = 2147483647;
			files = (
			);
			runOnlyForDeploymentPostprocessing = 0;
		};
/* End PBXResourcesBuildPhase section */

/* Begin PBXShellScriptBuildPhase section */
		7F770F4B48544A2C6BC25590 /* [CP] Check Pods Manifest.lock */ = {
			isa = PBXShellScriptBuildPhase;
			buildActionMask = 2147483647;
			files = (
			);
			inputFileListPaths = (
			);
			inputPaths = (
				"${PODS_PODFILE_DIR_PATH}/Podfile.lock",
				"${PODS_ROOT}/Manifest.lock",
			);
			name = "[CP] Check Pods Manifest.lock";
			outputFileListPaths = (
			);
			outputPaths = (
				"$(DERIVED_FILE_DIR)/Pods-PokedexAppTests-checkManifestLockResult.txt",
			);
			runOnlyForDeploymentPostprocessing = 0;
			shellPath = /bin/sh;
			shellScript = "diff \"${PODS_PODFILE_DIR_PATH}/Podfile.lock\" \"${PODS_ROOT}/Manifest.lock\" > /dev/null\nif [ $? != 0 ] ; then\n    # print error to STDERR\n    echo \"error: The sandbox is not in sync with the Podfile.lock. Run 'pod install' or update your CocoaPods installation.\" >&2\n    exit 1\nfi\n# This output is used by Xcode 'outputs' to avoid re-running this script phase.\necho \"SUCCESS\" > \"${SCRIPT_OUTPUT_FILE_0}\"\n";
			showEnvVarsInLog = 0;
		};
		A4FCAEACF838DFA9C06F150E /* [CP] Check Pods Manifest.lock */ = {
			isa = PBXShellScriptBuildPhase;
			buildActionMask = 2147483647;
			files = (
			);
			inputFileListPaths = (
			);
			inputPaths = (
				"${PODS_PODFILE_DIR_PATH}/Podfile.lock",
				"${PODS_ROOT}/Manifest.lock",
			);
			name = "[CP] Check Pods Manifest.lock";
			outputFileListPaths = (
			);
			outputPaths = (
				"$(DERIVED_FILE_DIR)/Pods-PokedexApp-checkManifestLockResult.txt",
			);
			runOnlyForDeploymentPostprocessing = 0;
			shellPath = /bin/sh;
			shellScript = "diff \"${PODS_PODFILE_DIR_PATH}/Podfile.lock\" \"${PODS_ROOT}/Manifest.lock\" > /dev/null\nif [ $? != 0 ] ; then\n    # print error to STDERR\n    echo \"error: The sandbox is not in sync with the Podfile.lock. Run 'pod install' or update your CocoaPods installation.\" >&2\n    exit 1\nfi\n# This output is used by Xcode 'outputs' to avoid re-running this script phase.\necho \"SUCCESS\" > \"${SCRIPT_OUTPUT_FILE_0}\"\n";
			showEnvVarsInLog = 0;
		};
		DC0AA8CAC15FBC45B9C1DA89 /* [CP] Check Pods Manifest.lock */ = {
			isa = PBXShellScriptBuildPhase;
			buildActionMask = 2147483647;
			files = (
			);
			inputFileListPaths = (
			);
			inputPaths = (
				"${PODS_PODFILE_DIR_PATH}/Podfile.lock",
				"${PODS_ROOT}/Manifest.lock",
			);
			name = "[CP] Check Pods Manifest.lock";
			outputFileListPaths = (
			);
			outputPaths = (
				"$(DERIVED_FILE_DIR)/Pods-PokedexApp-PokedexAppUITests-checkManifestLockResult.txt",
			);
			runOnlyForDeploymentPostprocessing = 0;
			shellPath = /bin/sh;
			shellScript = "diff \"${PODS_PODFILE_DIR_PATH}/Podfile.lock\" \"${PODS_ROOT}/Manifest.lock\" > /dev/null\nif [ $? != 0 ] ; then\n    # print error to STDERR\n    echo \"error: The sandbox is not in sync with the Podfile.lock. Run 'pod install' or update your CocoaPods installation.\" >&2\n    exit 1\nfi\n# This output is used by Xcode 'outputs' to avoid re-running this script phase.\necho \"SUCCESS\" > \"${SCRIPT_OUTPUT_FILE_0}\"\n";
			showEnvVarsInLog = 0;
		};
/* End PBXShellScriptBuildPhase section */

/* Begin PBXSourcesBuildPhase section */
		F081C8C3273223810002D5AD /* Sources */ = {
			isa = PBXSourcesBuildPhase;
			buildActionMask = 2147483647;
			files = (
				F081C8CF273223810002D5AD /* ViewController.swift in Sources */,
				F081C8CB273223810002D5AD /* AppDelegate.swift in Sources */,
				F081C8CD273223810002D5AD /* SceneDelegate.swift in Sources */,
			);
			runOnlyForDeploymentPostprocessing = 0;
		};
		F081C8D9273223830002D5AD /* Sources */ = {
			isa = PBXSourcesBuildPhase;
			buildActionMask = 2147483647;
			files = (
				F081C8E2273223830002D5AD /* PokedexAppTests.swift in Sources */,
			);
			runOnlyForDeploymentPostprocessing = 0;
		};
		F081C8E3273223830002D5AD /* Sources */ = {
			isa = PBXSourcesBuildPhase;
			buildActionMask = 2147483647;
			files = (
				F081C8EC273223830002D5AD /* PokedexAppUITests.swift in Sources */,
				F081C8EE273223830002D5AD /* PokedexAppUITestsLaunchTests.swift in Sources */,
			);
			runOnlyForDeploymentPostprocessing = 0;
		};
/* End PBXSourcesBuildPhase section */

/* Begin PBXTargetDependency section */
		F081C8DF273223830002D5AD /* PBXTargetDependency */ = {
			isa = PBXTargetDependency;
			target = F081C8C6273223810002D5AD /* PokedexApp */;
			targetProxy = F081C8DE273223830002D5AD /* PBXContainerItemProxy */;
		};
		F081C8E9273223830002D5AD /* PBXTargetDependency */ = {
			isa = PBXTargetDependency;
			target = F081C8C6273223810002D5AD /* PokedexApp */;
			targetProxy = F081C8E8273223830002D5AD /* PBXContainerItemProxy */;
		};
/* End PBXTargetDependency section */

/* Begin PBXVariantGroup section */
		F081C8D0273223810002D5AD /* Main.storyboard */ = {
			isa = PBXVariantGroup;
			children = (
				F081C8D1273223810002D5AD /* Base */,
			);
			name = Main.storyboard;
			sourceTree = "<group>";
		};
		F081C8D5273223830002D5AD /* LaunchScreen.storyboard */ = {
			isa = PBXVariantGroup;
			children = (
				F081C8D6273223830002D5AD /* Base */,
			);
			name = LaunchScreen.storyboard;
			sourceTree = "<group>";
		};
/* End PBXVariantGroup section */

/* Begin XCBuildConfiguration section */
		F081C8EF273223830002D5AD /* Debug */ = {
			isa = XCBuildConfiguration;
			buildSettings = {
				ALWAYS_SEARCH_USER_PATHS = NO;
				CLANG_ANALYZER_NONNULL = YES;
				CLANG_ANALYZER_NUMBER_OBJECT_CONVERSION = YES_AGGRESSIVE;
				CLANG_CXX_LANGUAGE_STANDARD = "gnu++17";
				CLANG_CXX_LIBRARY = "libc++";
				CLANG_ENABLE_MODULES = YES;
				CLANG_ENABLE_OBJC_ARC = YES;
				CLANG_ENABLE_OBJC_WEAK = YES;
				CLANG_WARN_BLOCK_CAPTURE_AUTORELEASING = YES;
				CLANG_WARN_BOOL_CONVERSION = YES;
				CLANG_WARN_COMMA = YES;
				CLANG_WARN_CONSTANT_CONVERSION = YES;
				CLANG_WARN_DEPRECATED_OBJC_IMPLEMENTATIONS = YES;
				CLANG_WARN_DIRECT_OBJC_ISA_USAGE = YES_ERROR;
				CLANG_WARN_DOCUMENTATION_COMMENTS = YES;
				CLANG_WARN_EMPTY_BODY = YES;
				CLANG_WARN_ENUM_CONVERSION = YES;
				CLANG_WARN_INFINITE_RECURSION = YES;
				CLANG_WARN_INT_CONVERSION = YES;
				CLANG_WARN_NON_LITERAL_NULL_CONVERSION = YES;
				CLANG_WARN_OBJC_IMPLICIT_RETAIN_SELF = YES;
				CLANG_WARN_OBJC_LITERAL_CONVERSION = YES;
				CLANG_WARN_OBJC_ROOT_CLASS = YES_ERROR;
				CLANG_WARN_QUOTED_INCLUDE_IN_FRAMEWORK_HEADER = YES;
				CLANG_WARN_RANGE_LOOP_ANALYSIS = YES;
				CLANG_WARN_STRICT_PROTOTYPES = YES;
				CLANG_WARN_SUSPICIOUS_MOVE = YES;
				CLANG_WARN_UNGUARDED_AVAILABILITY = YES_AGGRESSIVE;
				CLANG_WARN_UNREACHABLE_CODE = YES;
				CLANG_WARN__DUPLICATE_METHOD_MATCH = YES;
				COPY_PHASE_STRIP = NO;
				DEBUG_INFORMATION_FORMAT = dwarf;
				ENABLE_STRICT_OBJC_MSGSEND = YES;
				ENABLE_TESTABILITY = YES;
				GCC_C_LANGUAGE_STANDARD = gnu11;
				GCC_DYNAMIC_NO_PIC = NO;
				GCC_NO_COMMON_BLOCKS = YES;
				GCC_OPTIMIZATION_LEVEL = 0;
				GCC_PREPROCESSOR_DEFINITIONS = (
					"DEBUG=1",
					"$(inherited)",
				);
				GCC_WARN_64_TO_32_BIT_CONVERSION = YES;
				GCC_WARN_ABOUT_RETURN_TYPE = YES_ERROR;
				GCC_WARN_UNDECLARED_SELECTOR = YES;
				GCC_WARN_UNINITIALIZED_AUTOS = YES_AGGRESSIVE;
				GCC_WARN_UNUSED_FUNCTION = YES;
				GCC_WARN_UNUSED_VARIABLE = YES;
				IPHONEOS_DEPLOYMENT_TARGET = 15.0;
				MTL_ENABLE_DEBUG_INFO = INCLUDE_SOURCE;
				MTL_FAST_MATH = YES;
				ONLY_ACTIVE_ARCH = YES;
				SDKROOT = iphoneos;
				SWIFT_ACTIVE_COMPILATION_CONDITIONS = DEBUG;
				SWIFT_OPTIMIZATION_LEVEL = "-Onone";
			};
			name = Debug;
		};
		F081C8F0273223830002D5AD /* Release */ = {
			isa = XCBuildConfiguration;
			buildSettings = {
				ALWAYS_SEARCH_USER_PATHS = NO;
				CLANG_ANALYZER_NONNULL = YES;
				CLANG_ANALYZER_NUMBER_OBJECT_CONVERSION = YES_AGGRESSIVE;
				CLANG_CXX_LANGUAGE_STANDARD = "gnu++17";
				CLANG_CXX_LIBRARY = "libc++";
				CLANG_ENABLE_MODULES = YES;
				CLANG_ENABLE_OBJC_ARC = YES;
				CLANG_ENABLE_OBJC_WEAK = YES;
				CLANG_WARN_BLOCK_CAPTURE_AUTORELEASING = YES;
				CLANG_WARN_BOOL_CONVERSION = YES;
				CLANG_WARN_COMMA = YES;
				CLANG_WARN_CONSTANT_CONVERSION = YES;
				CLANG_WARN_DEPRECATED_OBJC_IMPLEMENTATIONS = YES;
				CLANG_WARN_DIRECT_OBJC_ISA_USAGE = YES_ERROR;
				CLANG_WARN_DOCUMENTATION_COMMENTS = YES;
				CLANG_WARN_EMPTY_BODY = YES;
				CLANG_WARN_ENUM_CONVERSION = YES;
				CLANG_WARN_INFINITE_RECURSION = YES;
				CLANG_WARN_INT_CONVERSION = YES;
				CLANG_WARN_NON_LITERAL_NULL_CONVERSION = YES;
				CLANG_WARN_OBJC_IMPLICIT_RETAIN_SELF = YES;
				CLANG_WARN_OBJC_LITERAL_CONVERSION = YES;
				CLANG_WARN_OBJC_ROOT_CLASS = YES_ERROR;
				CLANG_WARN_QUOTED_INCLUDE_IN_FRAMEWORK_HEADER = YES;
				CLANG_WARN_RANGE_LOOP_ANALYSIS = YES;
				CLANG_WARN_STRICT_PROTOTYPES = YES;
				CLANG_WARN_SUSPICIOUS_MOVE = YES;
				CLANG_WARN_UNGUARDED_AVAILABILITY = YES_AGGRESSIVE;
				CLANG_WARN_UNREACHABLE_CODE = YES;
				CLANG_WARN__DUPLICATE_METHOD_MATCH = YES;
				COPY_PHASE_STRIP = NO;
				DEBUG_INFORMATION_FORMAT = "dwarf-with-dsym";
				ENABLE_NS_ASSERTIONS = NO;
				ENABLE_STRICT_OBJC_MSGSEND = YES;
				GCC_C_LANGUAGE_STANDARD = gnu11;
				GCC_NO_COMMON_BLOCKS = YES;
				GCC_WARN_64_TO_32_BIT_CONVERSION = YES;
				GCC_WARN_ABOUT_RETURN_TYPE = YES_ERROR;
				GCC_WARN_UNDECLARED_SELECTOR = YES;
				GCC_WARN_UNINITIALIZED_AUTOS = YES_AGGRESSIVE;
				GCC_WARN_UNUSED_FUNCTION = YES;
				GCC_WARN_UNUSED_VARIABLE = YES;
				IPHONEOS_DEPLOYMENT_TARGET = 15.0;
				MTL_ENABLE_DEBUG_INFO = NO;
				MTL_FAST_MATH = YES;
				SDKROOT = iphoneos;
				SWIFT_COMPILATION_MODE = wholemodule;
				SWIFT_OPTIMIZATION_LEVEL = "-O";
				VALIDATE_PRODUCT = YES;
			};
			name = Release;
		};
		F081C8F2273223830002D5AD /* Debug */ = {
			isa = XCBuildConfiguration;
			baseConfigurationReference = B35957E6454231FE41969176 /* Pods-PokedexApp.debug.xcconfig */;
			buildSettings = {
				ASSETCATALOG_COMPILER_APPICON_NAME = AppIcon;
				ASSETCATALOG_COMPILER_GLOBAL_ACCENT_COLOR_NAME = AccentColor;
				CODE_SIGN_STYLE = Automatic;
				CURRENT_PROJECT_VERSION = 1;
				DEVELOPMENT_TEAM = UNBA7S3W5P;
				GENERATE_INFOPLIST_FILE = YES;
				INFOPLIST_FILE = PokedexApp/Info.plist;
				INFOPLIST_KEY_UIApplicationSupportsIndirectInputEvents = YES;
				INFOPLIST_KEY_UILaunchStoryboardName = LaunchScreen;
				INFOPLIST_KEY_UIMainStoryboardFile = Main;
				INFOPLIST_KEY_UISupportedInterfaceOrientations_iPad = "UIInterfaceOrientationPortrait UIInterfaceOrientationPortraitUpsideDown UIInterfaceOrientationLandscapeLeft UIInterfaceOrientationLandscapeRight";
				INFOPLIST_KEY_UISupportedInterfaceOrientations_iPhone = "UIInterfaceOrientationPortrait UIInterfaceOrientationLandscapeLeft UIInterfaceOrientationLandscapeRight";
				LD_RUNPATH_SEARCH_PATHS = (
					"$(inherited)",
					"@executable_path/Frameworks",
				);
				MARKETING_VERSION = 1.0;
				PRODUCT_BUNDLE_IDENTIFIER = com.luizvasconcellos.PokedexApp;
				PRODUCT_NAME = "$(TARGET_NAME)";
				SWIFT_EMIT_LOC_STRINGS = YES;
				SWIFT_VERSION = 5.0;
				TARGETED_DEVICE_FAMILY = "1,2";
			};
			name = Debug;
		};
		F081C8F3273223830002D5AD /* Release */ = {
			isa = XCBuildConfiguration;
			baseConfigurationReference = BEB3A40E4651F6FF8E15751A /* Pods-PokedexApp.release.xcconfig */;
			buildSettings = {
				ASSETCATALOG_COMPILER_APPICON_NAME = AppIcon;
				ASSETCATALOG_COMPILER_GLOBAL_ACCENT_COLOR_NAME = AccentColor;
				CODE_SIGN_STYLE = Automatic;
				CURRENT_PROJECT_VERSION = 1;
				DEVELOPMENT_TEAM = UNBA7S3W5P;
				GENERATE_INFOPLIST_FILE = YES;
				INFOPLIST_FILE = PokedexApp/Info.plist;
				INFOPLIST_KEY_UIApplicationSupportsIndirectInputEvents = YES;
				INFOPLIST_KEY_UILaunchStoryboardName = LaunchScreen;
				INFOPLIST_KEY_UIMainStoryboardFile = Main;
				INFOPLIST_KEY_UISupportedInterfaceOrientations_iPad = "UIInterfaceOrientationPortrait UIInterfaceOrientationPortraitUpsideDown UIInterfaceOrientationLandscapeLeft UIInterfaceOrientationLandscapeRight";
				INFOPLIST_KEY_UISupportedInterfaceOrientations_iPhone = "UIInterfaceOrientationPortrait UIInterfaceOrientationLandscapeLeft UIInterfaceOrientationLandscapeRight";
				LD_RUNPATH_SEARCH_PATHS = (
					"$(inherited)",
					"@executable_path/Frameworks",
				);
				MARKETING_VERSION = 1.0;
				PRODUCT_BUNDLE_IDENTIFIER = com.luizvasconcellos.PokedexApp;
				PRODUCT_NAME = "$(TARGET_NAME)";
				SWIFT_EMIT_LOC_STRINGS = YES;
				SWIFT_VERSION = 5.0;
				TARGETED_DEVICE_FAMILY = "1,2";
			};
			name = Release;
		};
		F081C8F5273223830002D5AD /* Debug */ = {
			isa = XCBuildConfiguration;
			baseConfigurationReference = 44AF2CC62D2EAE4CAA65E4CF /* Pods-PokedexAppTests.debug.xcconfig */;
			buildSettings = {
				ALWAYS_EMBED_SWIFT_STANDARD_LIBRARIES = YES;
				BUNDLE_LOADER = "$(TEST_HOST)";
				CODE_SIGN_STYLE = Automatic;
				CURRENT_PROJECT_VERSION = 1;
				DEVELOPMENT_TEAM = UNBA7S3W5P;
				GENERATE_INFOPLIST_FILE = YES;
				IPHONEOS_DEPLOYMENT_TARGET = 15.0;
				LD_RUNPATH_SEARCH_PATHS = (
					"$(inherited)",
					"@executable_path/Frameworks",
					"@loader_path/Frameworks",
				);
				MARKETING_VERSION = 1.0;
				PRODUCT_BUNDLE_IDENTIFIER = com.luizvasconcellos.PokedexAppTests;
				PRODUCT_NAME = "$(TARGET_NAME)";
				SWIFT_EMIT_LOC_STRINGS = NO;
				SWIFT_VERSION = 5.0;
				TARGETED_DEVICE_FAMILY = "1,2";
				TEST_HOST = "$(BUILT_PRODUCTS_DIR)/PokedexApp.app/PokedexApp";
			};
			name = Debug;
		};
		F081C8F6273223830002D5AD /* Release */ = {
			isa = XCBuildConfiguration;
			baseConfigurationReference = 083626D1A9BD3E6483718C2E /* Pods-PokedexAppTests.release.xcconfig */;
			buildSettings = {
				ALWAYS_EMBED_SWIFT_STANDARD_LIBRARIES = YES;
				BUNDLE_LOADER = "$(TEST_HOST)";
				CODE_SIGN_STYLE = Automatic;
				CURRENT_PROJECT_VERSION = 1;
				DEVELOPMENT_TEAM = UNBA7S3W5P;
				GENERATE_INFOPLIST_FILE = YES;
				IPHONEOS_DEPLOYMENT_TARGET = 15.0;
				LD_RUNPATH_SEARCH_PATHS = (
					"$(inherited)",
					"@executable_path/Frameworks",
					"@loader_path/Frameworks",
				);
				MARKETING_VERSION = 1.0;
				PRODUCT_BUNDLE_IDENTIFIER = com.luizvasconcellos.PokedexAppTests;
				PRODUCT_NAME = "$(TARGET_NAME)";
				SWIFT_EMIT_LOC_STRINGS = NO;
				SWIFT_VERSION = 5.0;
				TARGETED_DEVICE_FAMILY = "1,2";
				TEST_HOST = "$(BUILT_PRODUCTS_DIR)/PokedexApp.app/PokedexApp";
			};
			name = Release;
		};
		F081C8F8273223830002D5AD /* Debug */ = {
			isa = XCBuildConfiguration;
			baseConfigurationReference = 59137F19D9F65A6791B861EA /* Pods-PokedexApp-PokedexAppUITests.debug.xcconfig */;
			buildSettings = {
				ALWAYS_EMBED_SWIFT_STANDARD_LIBRARIES = YES;
				CODE_SIGN_STYLE = Automatic;
				CURRENT_PROJECT_VERSION = 1;
				DEVELOPMENT_TEAM = UNBA7S3W5P;
				GENERATE_INFOPLIST_FILE = YES;
				LD_RUNPATH_SEARCH_PATHS = (
					"$(inherited)",
					"@executable_path/Frameworks",
					"@loader_path/Frameworks",
				);
				MARKETING_VERSION = 1.0;
				PRODUCT_BUNDLE_IDENTIFIER = com.luizvasconcellos.PokedexAppUITests;
				PRODUCT_NAME = "$(TARGET_NAME)";
				SWIFT_EMIT_LOC_STRINGS = NO;
				SWIFT_VERSION = 5.0;
				TARGETED_DEVICE_FAMILY = "1,2";
				TEST_TARGET_NAME = PokedexApp;
			};
			name = Debug;
		};
		F081C8F9273223830002D5AD /* Release */ = {
			isa = XCBuildConfiguration;
			baseConfigurationReference = 909ECDD560FD2FB643C63FD8 /* Pods-PokedexApp-PokedexAppUITests.release.xcconfig */;
			buildSettings = {
				ALWAYS_EMBED_SWIFT_STANDARD_LIBRARIES = YES;
				CODE_SIGN_STYLE = Automatic;
				CURRENT_PROJECT_VERSION = 1;
				DEVELOPMENT_TEAM = UNBA7S3W5P;
				GENERATE_INFOPLIST_FILE = YES;
				LD_RUNPATH_SEARCH_PATHS = (
					"$(inherited)",
					"@executable_path/Frameworks",
					"@loader_path/Frameworks",
				);
				MARKETING_VERSION = 1.0;
				PRODUCT_BUNDLE_IDENTIFIER = com.luizvasconcellos.PokedexAppUITests;
				PRODUCT_NAME = "$(TARGET_NAME)";
				SWIFT_EMIT_LOC_STRINGS = NO;
				SWIFT_VERSION = 5.0;
				TARGETED_DEVICE_FAMILY = "1,2";
				TEST_TARGET_NAME = PokedexApp;
			};
			name = Release;
		};
/* End XCBuildConfiguration section */

/* Begin XCConfigurationList section */
		F081C8C2273223810002D5AD /* Build configuration list for PBXProject "PokedexApp" */ = {
			isa = XCConfigurationList;
			buildConfigurations = (
				F081C8EF273223830002D5AD /* Debug */,
				F081C8F0273223830002D5AD /* Release */,
			);
			defaultConfigurationIsVisible = 0;
			defaultConfigurationName = Release;
		};
		F081C8F1273223830002D5AD /* Build configuration list for PBXNativeTarget "PokedexApp" */ = {
			isa = XCConfigurationList;
			buildConfigurations = (
				F081C8F2273223830002D5AD /* Debug */,
				F081C8F3273223830002D5AD /* Release */,
			);
			defaultConfigurationIsVisible = 0;
			defaultConfigurationName = Release;
		};
		F081C8F4273223830002D5AD /* Build configuration list for PBXNativeTarget "PokedexAppTests" */ = {
			isa = XCConfigurationList;
			buildConfigurations = (
				F081C8F5273223830002D5AD /* Debug */,
				F081C8F6273223830002D5AD /* Release */,
			);
			defaultConfigurationIsVisible = 0;
			defaultConfigurationName = Release;
		};
		F081C8F7273223830002D5AD /* Build configuration list for PBXNativeTarget "PokedexAppUITests" */ = {
			isa = XCConfigurationList;
			buildConfigurations = (
				F081C8F8273223830002D5AD /* Debug */,
				F081C8F9273223830002D5AD /* Release */,
			);
			defaultConfigurationIsVisible = 0;
			defaultConfigurationName = Release;
		};
/* End XCConfigurationList section */
	};
	rootObject = F081C8BF273223810002D5AD /* Project object */;
}
